
Microsoft Visual Studio Solution File, Format Version 12.00
# Visual Studio 2013
VisualStudioVersion = 12.0.30723.0
MinimumVisualStudioVersion = 10.0.40219.1
Project("{8BC9CEB8-8B4A-11D0-8D11-00A0C91BC942}") = "PengChat3Server", "PengChat3Server\PengChat3Server.vcxproj", "{805AD27D-9BFF-441A-A254-F982F543FE5E}"
EndProject
Project("{2150E333-8FDC-42A3-9474-1A3956D46DE8}") = "LanguagePack", "LanguagePack", "{CA551922-B4F1-4A09-8854-92E4D72F234A}"
EndProject
Project("{FAE04EC0-301F-11D3-BF4B-00C04F79EFBC}") = "PC3LP_ko", "PC3LP_ko\PC3LP_ko.csproj", "{0A6349D5-4BCA-4DB7-9363-231F7641E60D}"
EndProject
Project("{2150E333-8FDC-42A3-9474-1A3956D46DE8}") = "API", "API", "{6FD6EFB8-22D8-4FD6-9157-471159754E04}"
EndProject
Project("{FAE04EC0-301F-11D3-BF4B-00C04F79EFBC}") = "PC3API_dn", "PC3API_dn\PC3API_dn.csproj", "{73460710-FC73-49AB-A328-9E79B9274FAA}"
EndProject
Project("{2150E333-8FDC-42A3-9474-1A3956D46DE8}") = "Clients", "Clients", "{6984222C-CC50-4830-B858-4383B3A68873}"
EndProject
Project("{FAE04EC0-301F-11D3-BF4B-00C04F79EFBC}") = "PengChat3", "PengChat3\PengChat3.csproj", "{25CF6D10-081B-439F-B6A6-0B5C08641425}"
	ProjectSection(ProjectDependencies) = postProject
		{73460710-FC73-49AB-A328-9E79B9274FAA} = {73460710-FC73-49AB-A328-9E79B9274FAA}
		{0A6349D5-4BCA-4DB7-9363-231F7641E60D} = {0A6349D5-4BCA-4DB7-9363-231F7641E60D}
	EndProjectSection
EndProject
Project("{6141683F-8A12-4E36-9623-2EB02B2C2303}") = "PengChat3Setup", "PengChat3Setup\PengChat3Setup.isproj", "{3952C073-6AFF-44E4-8E07-C8E83FDFA5F3}"
EndProject
Global
	GlobalSection(SolutionConfigurationPlatforms) = preSolution
		CD_ROM|Any CPU = CD_ROM|Any CPU
		CD_ROM|Mixed Platforms = CD_ROM|Mixed Platforms
		CD_ROM|Win32 = CD_ROM|Win32
		Debug|Any CPU = Debug|Any CPU
		Debug|Mixed Platforms = Debug|Mixed Platforms
		Debug|Win32 = Debug|Win32
		DVD-5|Any CPU = DVD-5|Any CPU
		DVD-5|Mixed Platforms = DVD-5|Mixed Platforms
		DVD-5|Win32 = DVD-5|Win32
		Release|Any CPU = Release|Any CPU
		Release|Mixed Platforms = Release|Mixed Platforms
		Release|Win32 = Release|Win32
		SingleImage|Any CPU = SingleImage|Any CPU
		SingleImage|Mixed Platforms = SingleImage|Mixed Platforms
		SingleImage|Win32 = SingleImage|Win32
	EndGlobalSection
	GlobalSection(ProjectConfigurationPlatforms) = postSolution
		{805AD27D-9BFF-441A-A254-F982F543FE5E}.CD_ROM|Any CPU.ActiveCfg = Release|Win32
		{805AD27D-9BFF-441A-A254-F982F543FE5E}.CD_ROM|Mixed Platforms.ActiveCfg = Release|Win32
		{805AD27D-9BFF-441A-A254-F982F543FE5E}.CD_ROM|Mixed Platforms.Build.0 = Release|Win32
		{805AD27D-9BFF-441A-A254-F982F543FE5E}.CD_ROM|Win32.ActiveCfg = Release|Win32
		{805AD27D-9BFF-441A-A254-F982F543FE5E}.CD_ROM|Win32.Build.0 = Release|Win32
		{805AD27D-9BFF-441A-A254-F982F543FE5E}.Debug|Any CPU.ActiveCfg = Debug|Win32
		{805AD27D-9BFF-441A-A254-F982F543FE5E}.Debug|Mixed Platforms.ActiveCfg = Debug|Win32
		{805AD27D-9BFF-441A-A254-F982F543FE5E}.Debug|Mixed Platforms.Build.0 = Debug|Win32
		{805AD27D-9BFF-441A-A254-F982F543FE5E}.Debug|Win32.ActiveCfg = Debug|Win32
		{805AD27D-9BFF-441A-A254-F982F543FE5E}.Debug|Win32.Build.0 = Debug|Win32
		{805AD27D-9BFF-441A-A254-F982F543FE5E}.DVD-5|Any CPU.ActiveCfg = Debug|Win32
		{805AD27D-9BFF-441A-A254-F982F543FE5E}.DVD-5|Mixed Platforms.ActiveCfg = Debug|Win32
		{805AD27D-9BFF-441A-A254-F982F543FE5E}.DVD-5|Mixed Platforms.Build.0 = Debug|Win32
		{805AD27D-9BFF-441A-A254-F982F543FE5E}.DVD-5|Win32.ActiveCfg = Debug|Win32
		{805AD27D-9BFF-441A-A254-F982F543FE5E}.DVD-5|Win32.Build.0 = Debug|Win32
		{805AD27D-9BFF-441A-A254-F982F543FE5E}.Release|Any CPU.ActiveCfg = Release|Win32
		{805AD27D-9BFF-441A-A254-F982F543FE5E}.Release|Mixed Platforms.ActiveCfg = Release|Win32
		{805AD27D-9BFF-441A-A254-F982F543FE5E}.Release|Mixed Platforms.Build.0 = Release|Win32
		{805AD27D-9BFF-441A-A254-F982F543FE5E}.Release|Win32.ActiveCfg = Release|Win32
		{805AD27D-9BFF-441A-A254-F982F543FE5E}.Release|Win32.Build.0 = Release|Win32
		{805AD27D-9BFF-441A-A254-F982F543FE5E}.SingleImage|Any CPU.ActiveCfg = Release|Win32
		{805AD27D-9BFF-441A-A254-F982F543FE5E}.SingleImage|Mixed Platforms.ActiveCfg = Release|Win32
		{805AD27D-9BFF-441A-A254-F982F543FE5E}.SingleImage|Mixed Platforms.Build.0 = Release|Win32
		{805AD27D-9BFF-441A-A254-F982F543FE5E}.SingleImage|Win32.ActiveCfg = Release|Win32
		{805AD27D-9BFF-441A-A254-F982F543FE5E}.SingleImage|Win32.Build.0 = Release|Win32
		{0A6349D5-4BCA-4DB7-9363-231F7641E60D}.CD_ROM|Any CPU.ActiveCfg = Release|Any CPU
		{0A6349D5-4BCA-4DB7-9363-231F7641E60D}.CD_ROM|Any CPU.Build.0 = Release|Any CPU
		{0A6349D5-4BCA-4DB7-9363-231F7641E60D}.CD_ROM|Mixed Platforms.ActiveCfg = Release|Any CPU
		{0A6349D5-4BCA-4DB7-9363-231F7641E60D}.CD_ROM|Mixed Platforms.Build.0 = Release|Any CPU
		{0A6349D5-4BCA-4DB7-9363-231F7641E60D}.CD_ROM|Win32.ActiveCfg = Release|Any CPU
		{0A6349D5-4BCA-4DB7-9363-231F7641E60D}.Debug|Any CPU.ActiveCfg = Debug|Any CPU
		{0A6349D5-4BCA-4DB7-9363-231F7641E60D}.Debug|Any CPU.Build.0 = Debug|Any CPU
		{0A6349D5-4BCA-4DB7-9363-231F7641E60D}.Debug|Mixed Platforms.ActiveCfg = Debug|Any CPU
		{0A6349D5-4BCA-4DB7-9363-231F7641E60D}.Debug|Mixed Platforms.Build.0 = Debug|Any CPU
		{0A6349D5-4BCA-4DB7-9363-231F7641E60D}.Debug|Win32.ActiveCfg = Debug|Any CPU
		{0A6349D5-4BCA-4DB7-9363-231F7641E60D}.DVD-5|Any CPU.ActiveCfg = Debug|Any CPU
		{0A6349D5-4BCA-4DB7-9363-231F7641E60D}.DVD-5|Any CPU.Build.0 = Debug|Any CPU
		{0A6349D5-4BCA-4DB7-9363-231F7641E60D}.DVD-5|Mixed Platforms.ActiveCfg = Debug|Any CPU
		{0A6349D5-4BCA-4DB7-9363-231F7641E60D}.DVD-5|Mixed Platforms.Build.0 = Debug|Any CPU
		{0A6349D5-4BCA-4DB7-9363-231F7641E60D}.DVD-5|Win32.ActiveCfg = Debug|Any CPU
		{0A6349D5-4BCA-4DB7-9363-231F7641E60D}.Release|Any CPU.ActiveCfg = Release|Any CPU
		{0A6349D5-4BCA-4DB7-9363-231F7641E60D}.Release|Any CPU.Build.0 = Release|Any CPU
		{0A6349D5-4BCA-4DB7-9363-231F7641E60D}.Release|Mixed Platforms.ActiveCfg = Release|Any CPU
		{0A6349D5-4BCA-4DB7-9363-231F7641E60D}.Release|Mixed Platforms.Build.0 = Release|Any CPU
		{0A6349D5-4BCA-4DB7-9363-231F7641E60D}.Release|Win32.ActiveCfg = Release|Any CPU
		{0A6349D5-4BCA-4DB7-9363-231F7641E60D}.SingleImage|Any CPU.ActiveCfg = Release|Any CPU
		{0A6349D5-4BCA-4DB7-9363-231F7641E60D}.SingleImage|Any CPU.Build.0 = Release|Any CPU
		{0A6349D5-4BCA-4DB7-9363-231F7641E60D}.SingleImage|Mixed Platforms.ActiveCfg = Release|Any CPU
		{0A6349D5-4BCA-4DB7-9363-231F7641E60D}.SingleImage|Mixed Platforms.Build.0 = Release|Any CPU
		{0A6349D5-4BCA-4DB7-9363-231F7641E60D}.SingleImage|Win32.ActiveCfg = Release|Any CPU
		{73460710-FC73-49AB-A328-9E79B9274FAA}.CD_ROM|Any CPU.ActiveCfg = Release|Any CPU
		{73460710-FC73-49AB-A328-9E79B9274FAA}.CD_ROM|Any CPU.Build.0 = Release|Any CPU
		{73460710-FC73-49AB-A328-9E79B9274FAA}.CD_ROM|Mixed Platforms.ActiveCfg = Release|Any CPU
		{73460710-FC73-49AB-A328-9E79B9274FAA}.CD_ROM|Mixed Platforms.Build.0 = Release|Any CPU
		{73460710-FC73-49AB-A328-9E79B9274FAA}.CD_ROM|Win32.ActiveCfg = Release|Any CPU
		{73460710-FC73-49AB-A328-9E79B9274FAA}.Debug|Any CPU.ActiveCfg = Debug|Any CPU
		{73460710-FC73-49AB-A328-9E79B9274FAA}.Debug|Any CPU.Build.0 = Debug|Any CPU
		{73460710-FC73-49AB-A328-9E79B9274FAA}.Debug|Mixed Platforms.ActiveCfg = Debug|Any CPU
		{73460710-FC73-49AB-A328-9E79B9274FAA}.Debug|Mixed Platforms.Build.0 = Debug|Any CPU
		{73460710-FC73-49AB-A328-9E79B9274FAA}.Debug|Win32.ActiveCfg = Debug|Any CPU
		{73460710-FC73-49AB-A328-9E79B9274FAA}.DVD-5|Any CPU.ActiveCfg = Debug|Any CPU
		{73460710-FC73-49AB-A328-9E79B9274FAA}.DVD-5|Any CPU.Build.0 = Debug|Any CPU
		{73460710-FC73-49AB-A328-9E79B9274FAA}.DVD-5|Mixed Platforms.ActiveCfg = Debug|Any CPU
		{73460710-FC73-49AB-A328-9E79B9274FAA}.DVD-5|Mixed Platforms.Build.0 = Debug|Any CPU
		{73460710-FC73-49AB-A328-9E79B9274FAA}.DVD-5|Win32.ActiveCfg = Debug|Any CPU
		{73460710-FC73-49AB-A328-9E79B9274FAA}.Release|Any CPU.ActiveCfg = Release|Any CPU
		{73460710-FC73-49AB-A328-9E79B9274FAA}.Release|Any CPU.Build.0 = Release|Any CPU
		{73460710-FC73-49AB-A328-9E79B9274FAA}.Release|Mixed Platforms.ActiveCfg = Release|Any CPU
		{73460710-FC73-49AB-A328-9E79B9274FAA}.Release|Mixed Platforms.Build.0 = Release|Any CPU
		{73460710-FC73-49AB-A328-9E79B9274FAA}.Release|Win32.ActiveCfg = Release|Any CPU
		{73460710-FC73-49AB-A328-9E79B9274FAA}.SingleImage|Any CPU.ActiveCfg = Release|Any CPU
		{73460710-FC73-49AB-A328-9E79B9274FAA}.SingleImage|Any CPU.Build.0 = Release|Any CPU
		{73460710-FC73-49AB-A328-9E79B9274FAA}.SingleImage|Mixed Platforms.ActiveCfg = Release|Any CPU
		{73460710-FC73-49AB-A328-9E79B9274FAA}.SingleImage|Mixed Platforms.Build.0 = Release|Any CPU
		{73460710-FC73-49AB-A328-9E79B9274FAA}.SingleImage|Win32.ActiveCfg = Release|Any CPU
		{25CF6D10-081B-439F-B6A6-0B5C08641425}.CD_ROM|Any CPU.ActiveCfg = Release|Any CPU
		{25CF6D10-081B-439F-B6A6-0B5C08641425}.CD_ROM|Any CPU.Build.0 = Release|Any CPU
		{25CF6D10-081B-439F-B6A6-0B5C08641425}.CD_ROM|Mixed Platforms.ActiveCfg = Release|Any CPU
		{25CF6D10-081B-439F-B6A6-0B5C08641425}.CD_ROM|Mixed Platforms.Build.0 = Release|Any CPU
		{25CF6D10-081B-439F-B6A6-0B5C08641425}.CD_ROM|Win32.ActiveCfg = Release|Any CPU
		{25CF6D10-081B-439F-B6A6-0B5C08641425}.Debug|Any CPU.ActiveCfg = Debug|Any CPU
		{25CF6D10-081B-439F-B6A6-0B5C08641425}.Debug|Any CPU.Build.0 = Debug|Any CPU
		{25CF6D10-081B-439F-B6A6-0B5C08641425}.Debug|Mixed Platforms.ActiveCfg = Debug|Any CPU
		{25CF6D10-081B-439F-B6A6-0B5C08641425}.Debug|Mixed Platforms.Build.0 = Debug|Any CPU
		{25CF6D10-081B-439F-B6A6-0B5C08641425}.Debug|Win32.ActiveCfg = Debug|Any CPU
		{25CF6D10-081B-439F-B6A6-0B5C08641425}.DVD-5|Any CPU.ActiveCfg = Debug|Any CPU
		{25CF6D10-081B-439F-B6A6-0B5C08641425}.DVD-5|Any CPU.Build.0 = Debug|Any CPU
		{25CF6D10-081B-439F-B6A6-0B5C08641425}.DVD-5|Mixed Platforms.ActiveCfg = Debug|Any CPU
		{25CF6D10-081B-439F-B6A6-0B5C08641425}.DVD-5|Mixed Platforms.Build.0 = Debug|Any CPU
		{25CF6D10-081B-439F-B6A6-0B5C08641425}.DVD-5|Win32.ActiveCfg = Debug|Any CPU
		{25CF6D10-081B-439F-B6A6-0B5C08641425}.Release|Any CPU.ActiveCfg = Release|Any CPU
		{25CF6D10-081B-439F-B6A6-0B5C08641425}.Release|Any CPU.Build.0 = Release|Any CPU
		{25CF6D10-081B-439F-B6A6-0B5C08641425}.Release|Mixed Platforms.ActiveCfg = Release|Any CPU
		{25CF6D10-081B-439F-B6A6-0B5C08641425}.Release|Mixed Platforms.Build.0 = Release|Any CPU
		{25CF6D10-081B-439F-B6A6-0B5C08641425}.Release|Win32.ActiveCfg = Release|Any CPU
		{25CF6D10-081B-439F-B6A6-0B5C08641425}.SingleImage|Any CPU.ActiveCfg = Release|Any CPU
		{25CF6D10-081B-439F-B6A6-0B5C08641425}.SingleImage|Any CPU.Build.0 = Release|Any CPU
		{25CF6D10-081B-439F-B6A6-0B5C08641425}.SingleImage|Mixed Platforms.ActiveCfg = Release|Any CPU
		{25CF6D10-081B-439F-B6A6-0B5C08641425}.SingleImage|Mixed Platforms.Build.0 = Release|Any CPU
		{25CF6D10-081B-439F-B6A6-0B5C08641425}.SingleImage|Win32.ActiveCfg = Release|Any CPU
		{3952C073-6AFF-44E4-8E07-C8E83FDFA5F3}.CD_ROM|Any CPU.ActiveCfg = CD_ROM
		{3952C073-6AFF-44E4-8E07-C8E83FDFA5F3}.CD_ROM|Any CPU.Build.0 = CD_ROM
		{3952C073-6AFF-44E4-8E07-C8E83FDFA5F3}.CD_ROM|Mixed Platforms.ActiveCfg = CD_ROM
		{3952C073-6AFF-44E4-8E07-C8E83FDFA5F3}.CD_ROM|Mixed Platforms.Build.0 = CD_ROM
		{3952C073-6AFF-44E4-8E07-C8E83FDFA5F3}.CD_ROM|Win32.ActiveCfg = CD_ROM
		{3952C073-6AFF-44E4-8E07-C8E83FDFA5F3}.CD_ROM|Win32.Build.0 = CD_ROM
		{3952C073-6AFF-44E4-8E07-C8E83FDFA5F3}.Debug|Any CPU.ActiveCfg = DVD-5
		{3952C073-6AFF-44E4-8E07-C8E83FDFA5F3}.Debug|Any CPU.Build.0 = DVD-5
		{3952C073-6AFF-44E4-8E07-C8E83FDFA5F3}.Debug|Mixed Platforms.ActiveCfg = DVD-5
		{3952C073-6AFF-44E4-8E07-C8E83FDFA5F3}.Debug|Mixed Platforms.Build.0 = DVD-5
		{3952C073-6AFF-44E4-8E07-C8E83FDFA5F3}.Debug|Win32.ActiveCfg = DVD-5
		{3952C073-6AFF-44E4-8E07-C8E83FDFA5F3}.Debug|Win32.Build.0 = DVD-5
		{3952C073-6AFF-44E4-8E07-C8E83FDFA5F3}.DVD-5|Any CPU.ActiveCfg = DVD-5
		{3952C073-6AFF-44E4-8E07-C8E83FDFA5F3}.DVD-5|Any CPU.Build.0 = DVD-5
		{3952C073-6AFF-44E4-8E07-C8E83FDFA5F3}.DVD-5|Mixed Platforms.ActiveCfg = DVD-5
		{3952C073-6AFF-44E4-8E07-C8E83FDFA5F3}.DVD-5|Mixed Platforms.Build.0 = DVD-5
		{3952C073-6AFF-44E4-8E07-C8E83FDFA5F3}.DVD-5|Win32.ActiveCfg = DVD-5
		{3952C073-6AFF-44E4-8E07-C8E83FDFA5F3}.DVD-5|Win32.Build.0 = DVD-5
		{3952C073-6AFF-44E4-8E07-C8E83FDFA5F3}.Release|Any CPU.ActiveCfg = SingleImage
		{3952C073-6AFF-44E4-8E07-C8E83FDFA5F3}.Release|Any CPU.Build.0 = SingleImage
		{3952C073-6AFF-44E4-8E07-C8E83FDFA5F3}.Release|Mixed Platforms.ActiveCfg = SingleImage
		{3952C073-6AFF-44E4-8E07-C8E83FDFA5F3}.Release|Mixed Platforms.Build.0 = SingleImage
		{3952C073-6AFF-44E4-8E07-C8E83FDFA5F3}.Release|Win32.ActiveCfg = SingleImage
		{3952C073-6AFF-44E4-8E07-C8E83FDFA5F3}.Release|Win32.Build.0 = SingleImage
		{3952C073-6AFF-44E4-8E07-C8E83FDFA5F3}.SingleImage|Any CPU.ActiveCfg = SingleImage
		{3952C073-6AFF-44E4-8E07-C8E83FDFA5F3}.SingleImage|Any CPU.Build.0 = SingleImage
		{3952C073-6AFF-44E4-8E07-C8E83FDFA5F3}.SingleImage|Mixed Platforms.ActiveCfg = SingleImage
		{3952C073-6AFF-44E4-8E07-C8E83FDFA5F3}.SingleImage|Mixed Platforms.Build.0 = SingleImage
		{3952C073-6AFF-44E4-8E07-C8E83FDFA5F3}.SingleImage|Win32.ActiveCfg = SingleImage
		{3952C073-6AFF-44E4-8E07-C8E83FDFA5F3}.SingleImage|Win32.Build.0 = SingleImage
	EndGlobalSection
	GlobalSection(SolutionProperties) = preSolution
		HideSolutionNode = FALSE
	EndGlobalSection
	GlobalSection(NestedProjects) = preSolution
		{0A6349D5-4BCA-4DB7-9363-231F7641E60D} = {CA551922-B4F1-4A09-8854-92E4D72F234A}
		{73460710-FC73-49AB-A328-9E79B9274FAA} = {6FD6EFB8-22D8-4FD6-9157-471159754E04}
		{25CF6D10-081B-439F-B6A6-0B5C08641425} = {6984222C-CC50-4830-B858-4383B3A68873}
		{3952C073-6AFF-44E4-8E07-C8E83FDFA5F3} = {6984222C-CC50-4830-B858-4383B3A68873}
	EndGlobalSection
EndGlobal
