
Microsoft Visual Studio Solution File, Format Version 12.00
# Visual Studio 2013
VisualStudioVersion = 12.0.30501.0
MinimumVisualStudioVersion = 10.0.40219.1
Project("{8BC9CEB8-8B4A-11D0-8D11-00A0C91BC942}") = "PengChat3Server", "PengChat3Server\PengChat3Server.vcxproj", "{805AD27D-9BFF-441A-A254-F982F543FE5E}"
EndProject
Project("{2150E333-8FDC-42A3-9474-1A3956D46DE8}") = "Solution Items", "Solution Items", "{BCC8660D-3B54-45E5-B622-C2F9D2775639}"
EndProject
Project("{FAE04EC0-301F-11D3-BF4B-00C04F79EFBC}") = "PengChat3", "PengChat3\PengChat3.csproj", "{AC8B4A17-DAC8-4F30-86A4-98D1A72762B0}"
	ProjectSection(ProjectDependencies) = postProject
		{0A6349D5-4BCA-4DB7-9363-231F7641E60D} = {0A6349D5-4BCA-4DB7-9363-231F7641E60D}
	EndProjectSection
EndProject
Project("{2150E333-8FDC-42A3-9474-1A3956D46DE8}") = "LanguagePack", "LanguagePack", "{CA551922-B4F1-4A09-8854-92E4D72F234A}"
EndProject
Project("{FAE04EC0-301F-11D3-BF4B-00C04F79EFBC}") = "PC3LP_ko", "PC3LP_ko\PC3LP_ko.csproj", "{0A6349D5-4BCA-4DB7-9363-231F7641E60D}"
EndProject
Project("{2150E333-8FDC-42A3-9474-1A3956D46DE8}") = "API", "API", "{6FD6EFB8-22D8-4FD6-9157-471159754E04}"
EndProject
Project("{FAE04EC0-301F-11D3-BF4B-00C04F79EFBC}") = "PC3API_dn", "PC3API_dn\PC3API_dn.csproj", "{73460710-FC73-49AB-A328-9E79B9274FAA}"
EndProject
Global
	GlobalSection(SolutionConfigurationPlatforms) = preSolution
		Debug|Any CPU = Debug|Any CPU
		Debug|Mixed Platforms = Debug|Mixed Platforms
		Debug|Win32 = Debug|Win32
		Release|Any CPU = Release|Any CPU
		Release|Mixed Platforms = Release|Mixed Platforms
		Release|Win32 = Release|Win32
	EndGlobalSection
	GlobalSection(ProjectConfigurationPlatforms) = postSolution
		{805AD27D-9BFF-441A-A254-F982F543FE5E}.Debug|Any CPU.ActiveCfg = Debug|Win32
		{805AD27D-9BFF-441A-A254-F982F543FE5E}.Debug|Mixed Platforms.ActiveCfg = Debug|Win32
		{805AD27D-9BFF-441A-A254-F982F543FE5E}.Debug|Mixed Platforms.Build.0 = Debug|Win32
		{805AD27D-9BFF-441A-A254-F982F543FE5E}.Debug|Win32.ActiveCfg = Debug|Win32
		{805AD27D-9BFF-441A-A254-F982F543FE5E}.Debug|Win32.Build.0 = Debug|Win32
		{805AD27D-9BFF-441A-A254-F982F543FE5E}.Release|Any CPU.ActiveCfg = Release|Win32
		{805AD27D-9BFF-441A-A254-F982F543FE5E}.Release|Mixed Platforms.ActiveCfg = Release|Win32
		{805AD27D-9BFF-441A-A254-F982F543FE5E}.Release|Mixed Platforms.Build.0 = Release|Win32
		{805AD27D-9BFF-441A-A254-F982F543FE5E}.Release|Win32.ActiveCfg = Release|Win32
		{805AD27D-9BFF-441A-A254-F982F543FE5E}.Release|Win32.Build.0 = Release|Win32
		{AC8B4A17-DAC8-4F30-86A4-98D1A72762B0}.Debug|Any CPU.ActiveCfg = Debug|Any CPU
		{AC8B4A17-DAC8-4F30-86A4-98D1A72762B0}.Debug|Any CPU.Build.0 = Debug|Any CPU
		{AC8B4A17-DAC8-4F30-86A4-98D1A72762B0}.Debug|Mixed Platforms.ActiveCfg = Debug|Any CPU
		{AC8B4A17-DAC8-4F30-86A4-98D1A72762B0}.Debug|Mixed Platforms.Build.0 = Debug|Any CPU
		{AC8B4A17-DAC8-4F30-86A4-98D1A72762B0}.Debug|Win32.ActiveCfg = Debug|Any CPU
		{AC8B4A17-DAC8-4F30-86A4-98D1A72762B0}.Release|Any CPU.ActiveCfg = Release|Any CPU
		{AC8B4A17-DAC8-4F30-86A4-98D1A72762B0}.Release|Any CPU.Build.0 = Release|Any CPU
		{AC8B4A17-DAC8-4F30-86A4-98D1A72762B0}.Release|Mixed Platforms.ActiveCfg = Release|Any CPU
		{AC8B4A17-DAC8-4F30-86A4-98D1A72762B0}.Release|Mixed Platforms.Build.0 = Release|Any CPU
		{AC8B4A17-DAC8-4F30-86A4-98D1A72762B0}.Release|Win32.ActiveCfg = Release|Any CPU
		{0A6349D5-4BCA-4DB7-9363-231F7641E60D}.Debug|Any CPU.ActiveCfg = Debug|Any CPU
		{0A6349D5-4BCA-4DB7-9363-231F7641E60D}.Debug|Any CPU.Build.0 = Debug|Any CPU
		{0A6349D5-4BCA-4DB7-9363-231F7641E60D}.Debug|Mixed Platforms.ActiveCfg = Debug|Any CPU
		{0A6349D5-4BCA-4DB7-9363-231F7641E60D}.Debug|Mixed Platforms.Build.0 = Debug|Any CPU
		{0A6349D5-4BCA-4DB7-9363-231F7641E60D}.Debug|Win32.ActiveCfg = Debug|Any CPU
		{0A6349D5-4BCA-4DB7-9363-231F7641E60D}.Release|Any CPU.ActiveCfg = Release|Any CPU
		{0A6349D5-4BCA-4DB7-9363-231F7641E60D}.Release|Any CPU.Build.0 = Release|Any CPU
		{0A6349D5-4BCA-4DB7-9363-231F7641E60D}.Release|Mixed Platforms.ActiveCfg = Release|Any CPU
		{0A6349D5-4BCA-4DB7-9363-231F7641E60D}.Release|Mixed Platforms.Build.0 = Release|Any CPU
		{0A6349D5-4BCA-4DB7-9363-231F7641E60D}.Release|Win32.ActiveCfg = Release|Any CPU
		{73460710-FC73-49AB-A328-9E79B9274FAA}.Debug|Any CPU.ActiveCfg = Debug|Any CPU
		{73460710-FC73-49AB-A328-9E79B9274FAA}.Debug|Any CPU.Build.0 = Debug|Any CPU
		{73460710-FC73-49AB-A328-9E79B9274FAA}.Debug|Mixed Platforms.ActiveCfg = Debug|Any CPU
		{73460710-FC73-49AB-A328-9E79B9274FAA}.Debug|Mixed Platforms.Build.0 = Debug|Any CPU
		{73460710-FC73-49AB-A328-9E79B9274FAA}.Debug|Win32.ActiveCfg = Debug|Any CPU
		{73460710-FC73-49AB-A328-9E79B9274FAA}.Release|Any CPU.ActiveCfg = Release|Any CPU
		{73460710-FC73-49AB-A328-9E79B9274FAA}.Release|Any CPU.Build.0 = Release|Any CPU
		{73460710-FC73-49AB-A328-9E79B9274FAA}.Release|Mixed Platforms.ActiveCfg = Release|Any CPU
		{73460710-FC73-49AB-A328-9E79B9274FAA}.Release|Mixed Platforms.Build.0 = Release|Any CPU
		{73460710-FC73-49AB-A328-9E79B9274FAA}.Release|Win32.ActiveCfg = Release|Any CPU
	EndGlobalSection
	GlobalSection(SolutionProperties) = preSolution
		HideSolutionNode = FALSE
	EndGlobalSection
	GlobalSection(NestedProjects) = preSolution
		{0A6349D5-4BCA-4DB7-9363-231F7641E60D} = {CA551922-B4F1-4A09-8854-92E4D72F234A}
		{73460710-FC73-49AB-A328-9E79B9274FAA} = {6FD6EFB8-22D8-4FD6-9157-471159754E04}
	EndGlobalSection
EndGlobal
