<?xml version="1.0" encoding="utf-8"?>
<Project ToolsVersion="4.0" xmlns="http://schemas.microsoft.com/developer/msbuild/2003">
  <ItemGroup>
    <Filter Include="main">
      <UniqueIdentifier>{d5b97928-3fe9-4bdc-8f67-a9a11eda31a3}</UniqueIdentifier>
    </Filter>
    <Filter Include="common">
      <UniqueIdentifier>{eeadcec9-6e4f-4ea3-9e6c-6639001f4bdc}</UniqueIdentifier>
    </Filter>
    <Filter Include="protocol">
      <UniqueIdentifier>{ed9d9ba5-a350-44b3-9b55-5b632d1dd521}</UniqueIdentifier>
    </Filter>
    <Filter Include="utility">
      <UniqueIdentifier>{29155ec6-885f-460a-9358-e4c82a1c8fab}</UniqueIdentifier>
    </Filter>
    <Filter Include="database">
      <UniqueIdentifier>{cb0d30bb-f809-485d-9e93-5c916ae22ddb}</UniqueIdentifier>
    </Filter>
    <Filter Include="database\sqlite3">
      <UniqueIdentifier>{30bea1fc-1baf-4dcd-940f-b92776d00287}</UniqueIdentifier>
    </Filter>
    <Filter Include="database\null">
      <UniqueIdentifier>{b490c34e-b69b-41f1-8a51-5c87751a99df}</UniqueIdentifier>
    </Filter>
    <Filter Include="socket">
      <UniqueIdentifier>{561abec8-f2d6-4613-8028-47769811f7ae}</UniqueIdentifier>
    </Filter>
    <Filter Include="room">
      <UniqueIdentifier>{9e9218ab-cd30-4800-9492-5f11de014c84}</UniqueIdentifier>
    </Filter>
    <Filter Include="log">
      <UniqueIdentifier>{b65a97e8-4dab-48ab-86e4-a4bedb230337}</UniqueIdentifier>
    </Filter>
  </ItemGroup>
  <ItemGroup>
    <ClCompile Include="main.cpp">
      <Filter>main</Filter>
    </ClCompile>
    <ClCompile Include="cntsocket.cpp">
      <Filter>socket</Filter>
    </ClCompile>
    <ClCompile Include="sqlite3_db.cpp">
      <Filter>database\sqlite3</Filter>
    </ClCompile>
    <ClCompile Include="null_db.cpp">
      <Filter>database\null</Filter>
    </ClCompile>
    <ClCompile Include="logger.cpp">
      <Filter>log</Filter>
    </ClCompile>
    <ClCompile Include="room.cpp">
      <Filter>room</Filter>
    </ClCompile>
  </ItemGroup>
  <ItemGroup>
    <ClInclude Include="cntsocket.h">
      <Filter>socket</Filter>
    </ClInclude>
    <ClInclude Include="common.h">
      <Filter>common</Filter>
    </ClInclude>
    <ClInclude Include="utility.h">
      <Filter>utility</Filter>
    </ClInclude>
    <ClInclude Include="protocol.h">
      <Filter>protocol</Filter>
    </ClInclude>
    <ClInclude Include="db.h">
      <Filter>database</Filter>
    </ClInclude>
    <ClInclude Include="sqlite3_db.h">
      <Filter>database\sqlite3</Filter>
    </ClInclude>
    <ClInclude Include="null_db.h">
      <Filter>database\null</Filter>
    </ClInclude>
    <ClInclude Include="room.h">
      <Filter>room</Filter>
    </ClInclude>
    <ClInclude Include="logger.h">
      <Filter>log</Filter>
    </ClInclude>
  </ItemGroup>
</Project>